
Microsoft Visual Studio Solution File, Format Version 12.00
Project("{2150E333-8FDC-42A3-9474-1A3956D46DE8}") = "Build", "Build", "{197658F8-E20F-420B-B1B7-1A1FE201974A}"
	ProjectSection(SolutionItems) = preProject
		Directory.Build.props = Directory.Build.props
		Readme.md = Readme.md
		.editorconfig = .editorconfig
	EndProjectSection
EndProject
Project("{FAE04EC0-301F-11D3-BF4B-00C04F79EFBC}") = "WebShop.HttpApi", "WebShop.HttpApi\WebShop.HttpApi.csproj", "{8D488355-1B93-49D1-9FE9-17B1FE740CAC}"
EndProject
Project("{FAE04EC0-301F-11D3-BF4B-00C04F79EFBC}") = "WebShop.Orders", "WebShop.Orders\WebShop.Orders.csproj", "{E9617EFC-DE1A-4B94-AC0E-6AD968117DB5}"
EndProject
Project("{FAE04EC0-301F-11D3-BF4B-00C04F79EFBC}") = "WebShop.Notifications", "WebShop.Notifications\WebShop.Notifications.csproj", "{F067AC32-BC45-48EC-9A68-8C4DA01DDB60}"
EndProject
Project("{FAE04EC0-301F-11D3-BF4B-00C04F79EFBC}") = "DotNet.Extensions", "DotNet.Extensions\DotNet.Extensions.csproj", "{6C1C263A-F2EA-4390-918A-E637A4C65CA9}"
EndProject
Global
	GlobalSection(SolutionConfigurationPlatforms) = preSolution
		Debug|Any CPU = Debug|Any CPU
		Release|Any CPU = Release|Any CPU
	EndGlobalSection
	GlobalSection(ProjectConfigurationPlatforms) = postSolution
		{8D488355-1B93-49D1-9FE9-17B1FE740CAC}.Debug|Any CPU.ActiveCfg = Debug|Any CPU
		{8D488355-1B93-49D1-9FE9-17B1FE740CAC}.Debug|Any CPU.Build.0 = Debug|Any CPU
		{8D488355-1B93-49D1-9FE9-17B1FE740CAC}.Release|Any CPU.ActiveCfg = Release|Any CPU
		{8D488355-1B93-49D1-9FE9-17B1FE740CAC}.Release|Any CPU.Build.0 = Release|Any CPU
		{E9617EFC-DE1A-4B94-AC0E-6AD968117DB5}.Debug|Any CPU.ActiveCfg = Debug|Any CPU
		{E9617EFC-DE1A-4B94-AC0E-6AD968117DB5}.Debug|Any CPU.Build.0 = Debug|Any CPU
		{E9617EFC-DE1A-4B94-AC0E-6AD968117DB5}.Release|Any CPU.ActiveCfg = Release|Any CPU
		{E9617EFC-DE1A-4B94-AC0E-6AD968117DB5}.Release|Any CPU.Build.0 = Release|Any CPU
		{F067AC32-BC45-48EC-9A68-8C4DA01DDB60}.Debug|Any CPU.ActiveCfg = Debug|Any CPU
		{F067AC32-BC45-48EC-9A68-8C4DA01DDB60}.Debug|Any CPU.Build.0 = Debug|Any CPU
		{F067AC32-BC45-48EC-9A68-8C4DA01DDB60}.Release|Any CPU.ActiveCfg = Release|Any CPU
		{F067AC32-BC45-48EC-9A68-8C4DA01DDB60}.Release|Any CPU.Build.0 = Release|Any CPU
		{6C1C263A-F2EA-4390-918A-E637A4C65CA9}.Debug|Any CPU.ActiveCfg = Debug|Any CPU
		{6C1C263A-F2EA-4390-918A-E637A4C65CA9}.Debug|Any CPU.Build.0 = Debug|Any CPU
		{6C1C263A-F2EA-4390-918A-E637A4C65CA9}.Release|Any CPU.ActiveCfg = Release|Any CPU
		{6C1C263A-F2EA-4390-918A-E637A4C65CA9}.Release|Any CPU.Build.0 = Release|Any CPU
	EndGlobalSection
EndGlobal
